
Microsoft Visual Studio Solution File, Format Version 12.00
# Visual Studio Version 17
VisualStudioVersion = 17.0.31903.59
MinimumVisualStudioVersion = 10.0.40219.1
Project("{FAE04EC0-301F-11D3-BF4B-00C04F79EFBC}") = "UserService", "UserService\UserService.csproj", "{6DB242A5-71A5-4E1A-95A0-7964F5A3C5D3}"
EndProject
Project("{FAE04EC0-301F-11D3-BF4B-00C04F79EFBC}") = "CreditApplication", "CreditApplication\CreditApplication.csproj", "{2621FFCC-12ED-47D4-ABDF-E07C35BC18C1}"
EndProject
Project("{FAE04EC0-301F-11D3-BF4B-00C04F79EFBC}") = "CoreApplication", "CoreApplication\CoreApplication.csproj", "{B82F15E5-2600-4ECB-BA63-E5E3329B1FFF}"
EndProject
Global
	GlobalSection(SolutionConfigurationPlatforms) = preSolution
		Debug|Any CPU = Debug|Any CPU
		Release|Any CPU = Release|Any CPU
	EndGlobalSection
	GlobalSection(SolutionProperties) = preSolution
		HideSolutionNode = FALSE
	EndGlobalSection
	GlobalSection(ProjectConfigurationPlatforms) = postSolution
		{6DB242A5-71A5-4E1A-95A0-7964F5A3C5D3}.Debug|Any CPU.ActiveCfg = Debug|Any CPU
		{6DB242A5-71A5-4E1A-95A0-7964F5A3C5D3}.Debug|Any CPU.Build.0 = Debug|Any CPU
		{6DB242A5-71A5-4E1A-95A0-7964F5A3C5D3}.Release|Any CPU.ActiveCfg = Release|Any CPU
		{6DB242A5-71A5-4E1A-95A0-7964F5A3C5D3}.Release|Any CPU.Build.0 = Release|Any CPU
		{2621FFCC-12ED-47D4-ABDF-E07C35BC18C1}.Debug|Any CPU.ActiveCfg = Debug|Any CPU
		{2621FFCC-12ED-47D4-ABDF-E07C35BC18C1}.Debug|Any CPU.Build.0 = Debug|Any CPU
		{2621FFCC-12ED-47D4-ABDF-E07C35BC18C1}.Release|Any CPU.ActiveCfg = Release|Any CPU
		{2621FFCC-12ED-47D4-ABDF-E07C35BC18C1}.Release|Any CPU.Build.0 = Release|Any CPU
		{B82F15E5-2600-4ECB-BA63-E5E3329B1FFF}.Debug|Any CPU.ActiveCfg = Debug|Any CPU
		{B82F15E5-2600-4ECB-BA63-E5E3329B1FFF}.Debug|Any CPU.Build.0 = Debug|Any CPU
		{B82F15E5-2600-4ECB-BA63-E5E3329B1FFF}.Release|Any CPU.ActiveCfg = Release|Any CPU
		{B82F15E5-2600-4ECB-BA63-E5E3329B1FFF}.Release|Any CPU.Build.0 = Release|Any CPU
	EndGlobalSection
EndGlobal
